
Microsoft Visual Studio Solution File, Format Version 12.00
# Visual Studio Version 17
VisualStudioVersion = 17.2.32526.322
MinimumVisualStudioVersion = 10.0.40219.1
Project("{FAE04EC0-301F-11D3-BF4B-00C04F79EFBC}") = "McVersionsLib", "McVersionsLib\McVersionsLib.csproj", "{89066CB5-0958-4108-AE10-771D1D4933D5}"
EndProject
Project("{FAE04EC0-301F-11D3-BF4B-00C04F79EFBC}") = "McVersionsLib.Test", "McVersionsLib.Test\McVersionsLib.Test.csproj", "{C556AB10-EFC5-4810-A29D-A5053C761F6F}"
EndProject
Global
	GlobalSection(SolutionConfigurationPlatforms) = preSolution
		Debug|Any CPU = Debug|Any CPU
		Release|Any CPU = Release|Any CPU
	EndGlobalSection
	GlobalSection(ProjectConfigurationPlatforms) = postSolution
		{89066CB5-0958-4108-AE10-771D1D4933D5}.Debug|Any CPU.ActiveCfg = Debug|Any CPU
		{89066CB5-0958-4108-AE10-771D1D4933D5}.Debug|Any CPU.Build.0 = Debug|Any CPU
		{89066CB5-0958-4108-AE10-771D1D4933D5}.Release|Any CPU.ActiveCfg = Release|Any CPU
		{89066CB5-0958-4108-AE10-771D1D4933D5}.Release|Any CPU.Build.0 = Release|Any CPU
		{C556AB10-EFC5-4810-A29D-A5053C761F6F}.Debug|Any CPU.ActiveCfg = Debug|Any CPU
		{C556AB10-EFC5-4810-A29D-A5053C761F6F}.Debug|Any CPU.Build.0 = Debug|Any CPU
		{C556AB10-EFC5-4810-A29D-A5053C761F6F}.Release|Any CPU.ActiveCfg = Release|Any CPU
		{C556AB10-EFC5-4810-A29D-A5053C761F6F}.Release|Any CPU.Build.0 = Release|Any CPU
	EndGlobalSection
	GlobalSection(SolutionProperties) = preSolution
		HideSolutionNode = FALSE
	EndGlobalSection
	GlobalSection(ExtensibilityGlobals) = postSolution
		SolutionGuid = {9AA74B67-E98C-414A-9215-D32744B7D3CE}
	EndGlobalSection
EndGlobal
